
Microsoft Visual Studio Solution File, Format Version 12.00
# Visual Studio Version 17
VisualStudioVersion = 17.3.32825.248
MinimumVisualStudioVersion = 10.0.40219.1
Project("{FAE04EC0-301F-11D3-BF4B-00C04F79EFBC}") = "Mod14Inheritance", "Mod14Inheritance\Mod14Inheritance.csproj", "{03B7F56F-F341-4439-AFD5-96DECFB56628}"
EndProject
Global
	GlobalSection(SolutionConfigurationPlatforms) = preSolution
		Debug|Any CPU = Debug|Any CPU
		Release|Any CPU = Release|Any CPU
	EndGlobalSection
	GlobalSection(ProjectConfigurationPlatforms) = postSolution
		{03B7F56F-F341-4439-AFD5-96DECFB56628}.Debug|Any CPU.ActiveCfg = Debug|Any CPU
		{03B7F56F-F341-4439-AFD5-96DECFB56628}.Debug|Any CPU.Build.0 = Debug|Any CPU
		{03B7F56F-F341-4439-AFD5-96DECFB56628}.Release|Any CPU.ActiveCfg = Release|Any CPU
		{03B7F56F-F341-4439-AFD5-96DECFB56628}.Release|Any CPU.Build.0 = Release|Any CPU
	EndGlobalSection
	GlobalSection(SolutionProperties) = preSolution
		HideSolutionNode = FALSE
	EndGlobalSection
	GlobalSection(ExtensibilityGlobals) = postSolution
		SolutionGuid = {150AD649-2E33-49DE-B6FA-2B6EBCBD2811}
	EndGlobalSection
EndGlobal
